
Microsoft Visual Studio Solution File, Format Version 12.00
# Visual Studio Version 17
VisualStudioVersion = 17.1.32210.238
MinimumVisualStudioVersion = 10.0.40219.1
Project("{FAE04EC0-301F-11D3-BF4B-00C04F79EFBC}") = "TicTacToe", "TicTacToe\TicTacToe.csproj", "{D4D3EF2C-96F8-4664-9736-132BFCFD794C}"
EndProject
Project("{FAE04EC0-301F-11D3-BF4B-00C04F79EFBC}") = "TicTacToeXUnitTests", "TicTacToeXUnitTests\TicTacToeXUnitTests.csproj", "{4F4144CB-332D-4DAE-9DA3-3A9D62380CE0}"
EndProject
Global
	GlobalSection(SolutionConfigurationPlatforms) = preSolution
		Debug|Any CPU = Debug|Any CPU
		Release|Any CPU = Release|Any CPU
	EndGlobalSection
	GlobalSection(ProjectConfigurationPlatforms) = postSolution
		{D4D3EF2C-96F8-4664-9736-132BFCFD794C}.Debug|Any CPU.ActiveCfg = Debug|Any CPU
		{D4D3EF2C-96F8-4664-9736-132BFCFD794C}.Debug|Any CPU.Build.0 = Debug|Any CPU
		{D4D3EF2C-96F8-4664-9736-132BFCFD794C}.Release|Any CPU.ActiveCfg = Release|Any CPU
		{D4D3EF2C-96F8-4664-9736-132BFCFD794C}.Release|Any CPU.Build.0 = Release|Any CPU
		{4F4144CB-332D-4DAE-9DA3-3A9D62380CE0}.Debug|Any CPU.ActiveCfg = Debug|Any CPU
		{4F4144CB-332D-4DAE-9DA3-3A9D62380CE0}.Debug|Any CPU.Build.0 = Debug|Any CPU
		{4F4144CB-332D-4DAE-9DA3-3A9D62380CE0}.Release|Any CPU.ActiveCfg = Release|Any CPU
		{4F4144CB-332D-4DAE-9DA3-3A9D62380CE0}.Release|Any CPU.Build.0 = Release|Any CPU
	EndGlobalSection
	GlobalSection(SolutionProperties) = preSolution
		HideSolutionNode = FALSE
	EndGlobalSection
	GlobalSection(ExtensibilityGlobals) = postSolution
		SolutionGuid = {06D346B7-F229-4B1D-8C5F-BAEFD7225135}
	EndGlobalSection
EndGlobal
